
Microsoft Visual Studio Solution File, Format Version 12.00
# Visual Studio Version 16
VisualStudioVersion = 16.0.30204.135
MinimumVisualStudioVersion = 10.0.40219.1
Project("{9A19103F-16F7-4668-BE54-9A1E7A4F7556}") = "WebinarConsole", "WebinarConsole\WebinarConsole.csproj", "{8988BC9B-AB30-47CF-8DB9-900E2683CAEF}"
EndProject
Project("{9A19103F-16F7-4668-BE54-9A1E7A4F7556}") = "WebinarMVC", "WebinarMVC\WebinarMVC.csproj", "{56A26144-3A3D-449B-A4E8-91ED5E2234A1}"
EndProject
Global
	GlobalSection(SolutionConfigurationPlatforms) = preSolution
		Debug|Any CPU = Debug|Any CPU
		Release|Any CPU = Release|Any CPU
	EndGlobalSection
	GlobalSection(ProjectConfigurationPlatforms) = postSolution
		{8988BC9B-AB30-47CF-8DB9-900E2683CAEF}.Debug|Any CPU.ActiveCfg = Debug|Any CPU
		{8988BC9B-AB30-47CF-8DB9-900E2683CAEF}.Debug|Any CPU.Build.0 = Debug|Any CPU
		{8988BC9B-AB30-47CF-8DB9-900E2683CAEF}.Release|Any CPU.ActiveCfg = Release|Any CPU
		{8988BC9B-AB30-47CF-8DB9-900E2683CAEF}.Release|Any CPU.Build.0 = Release|Any CPU
		{56A26144-3A3D-449B-A4E8-91ED5E2234A1}.Debug|Any CPU.ActiveCfg = Debug|Any CPU
		{56A26144-3A3D-449B-A4E8-91ED5E2234A1}.Debug|Any CPU.Build.0 = Debug|Any CPU
		{56A26144-3A3D-449B-A4E8-91ED5E2234A1}.Release|Any CPU.ActiveCfg = Release|Any CPU
		{56A26144-3A3D-449B-A4E8-91ED5E2234A1}.Release|Any CPU.Build.0 = Release|Any CPU
	EndGlobalSection
	GlobalSection(SolutionProperties) = preSolution
		HideSolutionNode = FALSE
	EndGlobalSection
	GlobalSection(ExtensibilityGlobals) = postSolution
		SolutionGuid = {F3B61D35-6032-4F23-ACB3-D4FB2C296212}
	EndGlobalSection
EndGlobal
